{
  "projects": [
    {
      "projectId": "eiC1VCbma8t6iMexZerqLa",
      "version": "5.14.0",
      "dependencies": {},
      "lang": "js",
      "fileLocks": [
        {
          "assetId": "eiC1VCbma8t6iMexZerqLa",
          "type": "projectCss",
          "checksum": "ca7a7a306fb5a825be965388292c23ac"
        },
        {
          "assetId": "eiC1VCbma8t6iMexZerqLa",
          "checksum": "e732fbb74d3376c409f438fc80adf516",
          "type": "globalContexts"
        }
      ],
      "codegenVersion": "0.0.1"
    },
    {
      "projectId": "xp1p7dmg329XVLHyuEUxD2",
      "version": "11.16.0",
      "dependencies": {},
      "lang": "js",
      "fileLocks": [
        {
          "assetId": "xp1p7dmg329XVLHyuEUxD2",
          "type": "projectCss",
          "checksum": "1b891cf9539f1db972dc4163ae1172e9"
        }
      ],
      "codegenVersion": "0.0.1"
    },
    {
      "projectId": "ohDidvG9XsCeFumugENU3J",
      "version": "3.7.0",
      "dependencies": {},
      "lang": "js",
      "fileLocks": [
        {
          "assetId": "ohDidvG9XsCeFumugENU3J",
          "type": "projectCss",
          "checksum": "93726672d70545e454fbe5134deec821"
        },
        {
          "assetId": "ohDidvG9XsCeFumugENU3J",
          "checksum": "73de8759f6c0d9a50948d6d3d7bf794b",
          "type": "globalContexts"
        }
      ],
      "codegenVersion": "0.0.1"
    },
    {
      "projectId": "gAKbcXWngnVV2asmkth1no",
      "version": "latest",
      "dependencies": {
        "xp1p7dmg329XVLHyuEUxD2": "11.16.0",
        "eiC1VCbma8t6iMexZerqLa": "5.14.0",
        "szjgMQpPpxhmkjnaBvZQJG": "2.13.0"
      },
      "lang": "js",
      "fileLocks": [
        {
          "assetId": "gAKbcXWngnVV2asmkth1no",
          "checksum": "d077d63b7b69cd332c2f3b94780b6b01",
          "type": "globalContexts"
        },
        {
          "type": "renderModule",
          "assetId": "G8gULkPO5MPtQ",
          "checksum": "cdf9691e2dac404fbefcef228073788e"
        },
        {
          "type": "cssRules",
          "assetId": "G8gULkPO5MPtQ",
          "checksum": "cdf9691e2dac404fbefcef228073788e"
        },
        {
          "type": "renderModule",
          "assetId": "_i0-3mtTqnKXK",
          "checksum": "1bb3e03954d3d75f19ebe919f4b559b0"
        },
        {
          "type": "cssRules",
          "assetId": "_i0-3mtTqnKXK",
          "checksum": "1bb3e03954d3d75f19ebe919f4b559b0"
        },
        {
          "type": "renderModule",
          "assetId": "8QKExZLj5WBoM",
          "checksum": "284303e6f35817c908dad0fda99640b6"
        },
        {
          "type": "cssRules",
          "assetId": "8QKExZLj5WBoM",
          "checksum": "284303e6f35817c908dad0fda99640b6"
        },
        {
          "type": "renderModule",
          "assetId": "jI-c4r3rkOtCN",
          "checksum": "2c32fee1ad9e1726647c5c5fc4e78493"
        },
        {
          "type": "cssRules",
          "assetId": "jI-c4r3rkOtCN",
          "checksum": "2c32fee1ad9e1726647c5c5fc4e78493"
        },
        {
          "type": "renderModule",
          "assetId": "t2NlfpsEJaLkX",
          "checksum": "f115799298ed923aa753948de4c82fa5"
        },
        {
          "type": "cssRules",
          "assetId": "t2NlfpsEJaLkX",
          "checksum": "f115799298ed923aa753948de4c82fa5"
        },
        {
          "type": "renderModule",
          "assetId": "ysKjwKTt5R79Qa",
          "checksum": "bf8690664b29ca5abf372e12aaf6016a"
        },
        {
          "type": "cssRules",
          "assetId": "ysKjwKTt5R79Qa",
          "checksum": "bf8690664b29ca5abf372e12aaf6016a"
        },
        {
          "type": "renderModule",
          "assetId": "45mdFJ4LW80TRf",
          "checksum": "3de789ba3c9bda1773e737f9cadb0aef"
        },
        {
          "type": "cssRules",
          "assetId": "45mdFJ4LW80TRf",
          "checksum": "3de789ba3c9bda1773e737f9cadb0aef"
        },
        {
          "type": "renderModule",
          "assetId": "4w-x-07IeqeEx4",
          "checksum": "ea5b7f5e256a375218fe1f874bd12bbe"
        },
        {
          "type": "cssRules",
          "assetId": "4w-x-07IeqeEx4",
          "checksum": "ea5b7f5e256a375218fe1f874bd12bbe"
        },
        {
          "type": "renderModule",
          "assetId": "lltuatGzwUTWMq",
          "checksum": "371a350f3a42de03047fd00d975df174"
        },
        {
          "type": "cssRules",
          "assetId": "lltuatGzwUTWMq",
          "checksum": "371a350f3a42de03047fd00d975df174"
        },
        {
          "type": "renderModule",
          "assetId": "mvhC5K6lXU",
          "checksum": "561153db2e0a5880ad9319f7e01edf52"
        },
        {
          "type": "cssRules",
          "assetId": "mvhC5K6lXU",
          "checksum": "561153db2e0a5880ad9319f7e01edf52"
        },
        {
          "type": "renderModule",
          "assetId": "v_kbpI47Yki",
          "checksum": "23735d1c3dc9e0220cc9a638a4738d9e"
        },
        {
          "type": "cssRules",
          "assetId": "v_kbpI47Yki",
          "checksum": "23735d1c3dc9e0220cc9a638a4738d9e"
        },
        {
          "type": "renderModule",
          "assetId": "8oOH9sh1z5",
          "checksum": "abd4d99a12e1a798a571c7f35e3d97f8"
        },
        {
          "type": "cssRules",
          "assetId": "8oOH9sh1z5",
          "checksum": "abd4d99a12e1a798a571c7f35e3d97f8"
        },
        {
          "type": "renderModule",
          "assetId": "LXM0niw76eA",
          "checksum": "a5058921264f3f1757b710445f89f650"
        },
        {
          "type": "cssRules",
          "assetId": "LXM0niw76eA",
          "checksum": "a5058921264f3f1757b710445f89f650"
        },
        {
          "type": "icon",
          "assetId": "78kseT_i641NRo",
          "checksum": "f597fd742588541903c47da1da73d117"
        },
        {
          "type": "icon",
          "assetId": "Nfvb0kir8BzhFA",
          "checksum": "7c98009350bcb00b03c4c60bed2bff14"
        },
        {
          "type": "icon",
          "assetId": "UGSBNQax32uSC1",
          "checksum": "ab020e247ffe2e2896221ab72bc001e4"
        },
        {
          "type": "icon",
          "assetId": "3S-PZ_WW-6u56q",
          "checksum": "bc16093ad91eefefeb0e1139f25c6227"
        },
        {
          "type": "icon",
          "assetId": "ZeqKah4lLImWhI",
          "checksum": "0b0f69749bad2991c0d40aceff1a0cf2"
        },
        {
          "type": "icon",
          "assetId": "p3559iPG4NkOeX",
          "checksum": "4d46a4ac2a2be5cafdd56d5690557b2b"
        },
        {
          "type": "icon",
          "assetId": "Yby3vE9rnICo6G",
          "checksum": "53920c3ce50aa958e9b77405fa49f3cf"
        },
        {
          "type": "icon",
          "assetId": "khJ0w3ffDT1B7q",
          "checksum": "36f779891eeddc61aaa0d9bd3a02922c"
        },
        {
          "type": "icon",
          "assetId": "C7w0YCWYf4OOYD",
          "checksum": "6d8ffe369a104a14e77cf697b0607ce1"
        },
        {
          "type": "icon",
          "assetId": "12IA4DctBmjXgR",
          "checksum": "1983115376481e5e5ac11395331c55a7"
        },
        {
          "type": "icon",
          "assetId": "XhA8IEdTtOa",
          "checksum": "493b651d2e51a559ea816e214b1e4d3c"
        },
        {
          "type": "icon",
          "assetId": "b57eYUvwzhw",
          "checksum": "3347211b484f20aad60cee8f3a161fa4"
        },
        {
          "type": "icon",
          "assetId": "D_kXp8Zx3L_",
          "checksum": "b7aae90c408cf6757618b0c15f593a08"
        },
        {
          "type": "image",
          "assetId": "6asqkD3AoUsKkP",
          "checksum": "ca17f10c4a5369271e4b1b6200aa2787"
        },
        {
          "type": "image",
          "assetId": "gxB5rGVxkQZEmV",
          "checksum": "f51a4a95aafa7c5a448b53e37aa9658c"
        },
        {
          "type": "image",
          "assetId": "Qk6YzC08rmzci_",
          "checksum": "e91f519411a8be740cf7936311ce8656"
        },
        {
          "type": "image",
          "assetId": "BXzx7VK4Z1e2hH",
          "checksum": "1e3b1ad263748712eed0b9e97304703b"
        },
        {
          "type": "image",
          "assetId": "YcUPklcda84caH",
          "checksum": "8a3421431066237759740387cac6d6b2"
        },
        {
          "type": "image",
          "assetId": "WUF0NVn0TDp6v6",
          "checksum": "b687e27f14828d450dd2d10c0070e98d"
        },
        {
          "type": "image",
          "assetId": "xyLincJvZyeyUh",
          "checksum": "f2c53934a4992b8900e310e9f63d99ce"
        },
        {
          "type": "image",
          "assetId": "jcky8bqPxlv-W4",
          "checksum": "cb276cc52a3ed4139f070369969b5c79"
        },
        {
          "type": "image",
          "assetId": "Wyl6R6fwwU5xh1",
          "checksum": "8432eeefa4f0ddbba1e95aee23f7a0e2"
        },
        {
          "type": "image",
          "assetId": "SSNX3ZJQIn9QRX",
          "checksum": "c1d778b1f5be1f7660aa9651e6569b1f"
        },
        {
          "type": "image",
          "assetId": "Ydo01DPoNDwU-Q",
          "checksum": "ecb027b83807b71672b4170e5617030d"
        },
        {
          "type": "image",
          "assetId": "lh9NfoDw4IYH0i",
          "checksum": "ad45e694fb608e992c0229030781900a"
        },
        {
          "type": "image",
          "assetId": "A6H9EXtj2wOpkg",
          "checksum": "9b47560b9f088ca08eec57d0e75a3a70"
        },
        {
          "type": "image",
          "assetId": "X5lg8BInCisl7F",
          "checksum": "94d2e999eba3fcdacfb217fc21988ab3"
        },
        {
          "type": "image",
          "assetId": "GrwcZkis_8ZylX",
          "checksum": "d26cbc19e8099560591aefa6090b8f5b"
        },
        {
          "type": "image",
          "assetId": "mmjWMsc9NyhHhJ",
          "checksum": "26311fb59c144afd392b2fe2f95ca168"
        },
        {
          "type": "image",
          "assetId": "zcAmcfIFPzlnZs",
          "checksum": "0cfa5f36f0b53251002d973729124aea"
        },
        {
          "type": "image",
          "assetId": "AE8ZSs_Kn1oHrI",
          "checksum": "f7a7c01eb3489cec06e02089f50a4049"
        },
        {
          "type": "image",
          "assetId": "ybrHWgha1s7cpZ",
          "checksum": "e46dc297cf0324188fa0ba0b1f779e23"
        },
        {
          "type": "image",
          "assetId": "oCmkplmXKRfCjn",
          "checksum": "cd4dae9af049b5dbb44422a80f0046ae"
        },
        {
          "type": "image",
          "assetId": "VF31rZBeWxaOZ5",
          "checksum": "58907a7a3d068d62be0e627e5e85dea7"
        },
        {
          "type": "image",
          "assetId": "dykBjmlJe93AfL",
          "checksum": "d2ac1a29bb0f2dadcb17fdfb7289fd8a"
        },
        {
          "type": "image",
          "assetId": "MxQLFAubQ5kjX8",
          "checksum": "090e1fa1c5d7dc9135773b94e7974253"
        },
        {
          "type": "image",
          "assetId": "eUPBHxP8Srth__",
          "checksum": "a5c5785a3337f66033e70af595fccd3d"
        },
        {
          "type": "renderModule",
          "assetId": "kWg9mjaIxWD",
          "checksum": "9b3a85f28a37b6571ea319b5f34e4192"
        },
        {
          "type": "cssRules",
          "assetId": "kWg9mjaIxWD",
          "checksum": "9b3a85f28a37b6571ea319b5f34e4192"
        },
        {
          "type": "renderModule",
          "assetId": "TKFVjRPWqEO",
          "checksum": "763fc3de66b73564661340f0e3829a8f"
        },
        {
          "type": "cssRules",
          "assetId": "TKFVjRPWqEO",
          "checksum": "763fc3de66b73564661340f0e3829a8f"
        },
        {
          "type": "icon",
          "assetId": "XKSaS-SRgMn",
          "checksum": "4602876c26155e8fee48ec392b666a7a"
        },
        {
          "type": "renderModule",
          "assetId": "bseC7_aD3S",
          "checksum": "3d55271e7aff40872df1e79c822bec01"
        },
        {
          "type": "cssRules",
          "assetId": "bseC7_aD3S",
          "checksum": "3d55271e7aff40872df1e79c822bec01"
        },
        {
          "type": "renderModule",
          "assetId": "pCo0VYC4l3p",
          "checksum": "6d3b4afe7336680ecb06e447e27aae51"
        },
        {
          "type": "cssRules",
          "assetId": "pCo0VYC4l3p",
          "checksum": "6d3b4afe7336680ecb06e447e27aae51"
        },
        {
          "assetId": "gAKbcXWngnVV2asmkth1no",
          "type": "projectCss",
          "checksum": "ac231ec3818b0c9fe5907e578a081707"
        }
      ],
      "codegenVersion": "0.0.1"
    },
    {
      "projectId": "szjgMQpPpxhmkjnaBvZQJG",
      "version": "2.13.0",
      "dependencies": {},
      "lang": "js",
      "fileLocks": [
        {
          "assetId": "szjgMQpPpxhmkjnaBvZQJG",
          "type": "projectCss",
          "checksum": "29b90e78e5c36e5dc978e0c572d9fc75"
        }
      ],
      "codegenVersion": "0.0.1"
    }
  ],
  "cliVersion": "0.1.272"
}
